# This file is automatically @generated by Cargo.
# It is not intended for manual editing.
version = 4

[[package]]
name = "parser_tools"
version = "0.1.1"
source = "git+https://codeberg.org/Trombecher/parser_tools.git#647c0ab7eefa30306623f59fcb72f2f556735b91"

[[package]]
name = "test-stuff"
version = "0.1.0"
dependencies = [
 "vine_lex",
 "vine_parse",
]

[[package]]
name = "vine_lex"
version = "0.1.0"
dependencies = [
 "parser_tools",
]

[[package]]
name = "vine_mir"
version = "0.1.0"

[[package]]
name = "vine_parse"
version = "0.1.0"
dependencies = [
 "parser_tools",
 "vine_lex",
]
